// !$*UTF8*$!
{
	archiveVersion = 1;
	classes = {
	};
	objectVersion = 50;
	objects = {

/* Begin PBXBuildFile section */
		EE1D874F241E2F11003B8451 /* AppDelegate.swift in Sources */ = {isa = PBXBuildFile; fileRef = EE1D874E241E2F11003B8451 /* AppDelegate.swift */; };
		EE1D8751241E2F11003B8451 /* SceneDelegate.swift in Sources */ = {isa = PBXBuildFile; fileRef = EE1D8750241E2F11003B8451 /* SceneDelegate.swift */; };
		EE1D8753241E2F11003B8451 /* HomeViewController.swift in Sources */ = {isa = PBXBuildFile; fileRef = EE1D8752241E2F11003B8451 /* HomeViewController.swift */; };
		EE1D8758241E2F11003B8451 /* Assets.xcassets in Resources */ = {isa = PBXBuildFile; fileRef = EE1D8757241E2F11003B8451 /* Assets.xcassets */; };
		EE1D875B241E2F11003B8451 /* LaunchScreen.storyboard in Resources */ = {isa = PBXBuildFile; fileRef = EE1D8759241E2F11003B8451 /* LaunchScreen.storyboard */; };
/* End PBXBuildFile section */

/* Begin PBXFileReference section */
		EE1D874B241E2F11003B8451 /* iOSProficiencyTest.app */ = {isa = PBXFileReference; explicitFileType = wrapper.application; includeInIndex = 0; path = iOSProficiencyTest.app; sourceTree = BUILT_PRODUCTS_DIR; };
		EE1D874E241E2F11003B8451 /* AppDelegate.swift */ = {isa = PBXFileReference; lastKnownFileType = sourcecode.swift; path = AppDelegate.swift; sourceTree = "<group>"; };
		EE1D8750241E2F11003B8451 /* SceneDelegate.swift */ = {isa = PBXFileReference; lastKnownFileType = sourcecode.swift; path = SceneDelegate.swift; sourceTree = "<group>"; };
		EE1D8752241E2F11003B8451 /* HomeViewController.swift */ = {isa = PBXFileReference; lastKnownFileType = sourcecode.swift; path = HomeViewController.swift; sourceTree = "<group>"; };
		EE1D8757241E2F11003B8451 /* Assets.xcassets */ = {isa = PBXFileReference; lastKnownFileType = folder.assetcatalog; path = Assets.xcassets; sourceTree = "<group>"; };
		EE1D875A241E2F11003B8451 /* Base */ = {isa = PBXFileReference; lastKnownFileType = file.storyboard; name = Base; path = Base.lproj/LaunchScreen.storyboard; sourceTree = "<group>"; };
		EE1D875C241E2F11003B8451 /* Info.plist */ = {isa = PBXFileReference; lastKnownFileType = text.plist.xml; path = Info.plist; sourceTree = "<group>"; };
/* End PBXFileReference section */

/* Begin PBXFrameworksBuildPhase section */
		EE1D8748241E2F11003B8451 /* Frameworks */ = {
			isa = PBXFrameworksBuildPhase;
			buildActionMask = 2147483647;
			files = (
			);
			runOnlyForDeploymentPostprocessing = 0;
		};
/* End PBXFrameworksBuildPhase section */

/* Begin PBXGroup section */
		EE1D8742241E2F11003B8451 = {
			isa = PBXGroup;
			children = (
				EE1D874D241E2F11003B8451 /* iOSProficiencyTest */,
				EE1D874C241E2F11003B8451 /* Products */,
			);
			sourceTree = "<group>";
		};
		EE1D874C241E2F11003B8451 /* Products */ = {
			isa = PBXGroup;
			children = (
				EE1D874B241E2F11003B8451 /* iOSProficiencyTest.app */,
			);
			name = Products;
			sourceTree = "<group>";
		};
		EE1D874D241E2F11003B8451 /* iOSProficiencyTest */ = {
			isa = PBXGroup;
			children = (
				EE1D876B241E328D003B8451 /* CustomClasses */,
				EE1D876A241E3264003B8451 /* TableViewCells */,
				EE1D8769241E3233003B8451 /* UtilAndConstants */,
				EE1D8764241E30D5003B8451 /* NetworkManager */,
				EE1D8763241E30CB003B8451 /* DataModels */,
				EE1D8762241E30BA003B8451 /* Controllers */,
				EE1D874E241E2F11003B8451 /* AppDelegate.swift */,
				EE1D8750241E2F11003B8451 /* SceneDelegate.swift */,
				EE1D8757241E2F11003B8451 /* Assets.xcassets */,
				EE1D8759241E2F11003B8451 /* LaunchScreen.storyboard */,
				EE1D875C241E2F11003B8451 /* Info.plist */,
			);
			path = iOSProficiencyTest;
			sourceTree = "<group>";
		};
		EE1D8762241E30BA003B8451 /* Controllers */ = {
			isa = PBXGroup;
			children = (
				EE1D8752241E2F11003B8451 /* HomeViewController.swift */,
			);
			path = Controllers;
			sourceTree = "<group>";
		};
		EE1D8763241E30CB003B8451 /* DataModels */ = {
			isa = PBXGroup;
			children = (
			);
			path = DataModels;
			sourceTree = "<group>";
		};
		EE1D8764241E30D5003B8451 /* NetworkManager */ = {
			isa = PBXGroup;
			children = (
			);
			path = NetworkManager;
			sourceTree = "<group>";
		};
		EE1D8769241E3233003B8451 /* UtilAndConstants */ = {
			isa = PBXGroup;
			children = (
			);
			path = UtilAndConstants;
			sourceTree = "<group>";
		};
		EE1D876A241E3264003B8451 /* TableViewCells */ = {
			isa = PBXGroup;
			children = (
			);
			path = TableViewCells;
			sourceTree = "<group>";
		};
		EE1D876B241E328D003B8451 /* CustomClasses */ = {
			isa = PBXGroup;
			children = (
			);
			path = CustomClasses;
			sourceTree = "<group>";
		};
/* End PBXGroup section */

/* Begin PBXNativeTarget section */
		EE1D874A241E2F11003B8451 /* iOSProficiencyTest */ = {
			isa = PBXNativeTarget;
			buildConfigurationList = EE1D875F241E2F11003B8451 /* Build configuration list for PBXNativeTarget "iOSProficiencyTest" */;
			buildPhases = (
				EE1D8747241E2F11003B8451 /* Sources */,
				EE1D8748241E2F11003B8451 /* Frameworks */,
				EE1D8749241E2F11003B8451 /* Resources */,
			);
			buildRules = (
			);
			dependencies = (
			);
			name = iOSProficiencyTest;
			productName = iOSProficiencyTest;
			productReference = EE1D874B241E2F11003B8451 /* iOSProficiencyTest.app */;
			productType = "com.apple.product-type.application";
		};
/* End PBXNativeTarget section */

/* Begin PBXProject section */
		EE1D8743241E2F11003B8451 /* Project object */ = {
			isa = PBXProject;
			attributes = {
				LastSwiftUpdateCheck = 1120;
				LastUpgradeCheck = 1120;
				ORGANIZATIONNAME = Vishal;
				TargetAttributes = {
					EE1D874A241E2F11003B8451 = {
						CreatedOnToolsVersion = 11.2.1;
					};
				};
			};
			buildConfigurationList = EE1D8746241E2F11003B8451 /* Build configuration list for PBXProject "iOSProficiencyTest" */;
			compatibilityVersion = "Xcode 9.3";
			developmentRegion = en;
			hasScannedForEncodings = 0;
			knownRegions = (
				en,
				Base,
			);
			mainGroup = EE1D8742241E2F11003B8451;
			productRefGroup = EE1D874C241E2F11003B8451 /* Products */;
			projectDirPath = "";
			projectRoot = "";
			targets = (
				EE1D874A241E2F11003B8451 /* iOSProficiencyTest */,
			);
		};
/* End PBXProject section */

/* Begin PBXResourcesBuildPhase section */
		EE1D8749241E2F11003B8451 /* Resources */ = {
			isa = PBXResourcesBuildPhase;
			buildActionMask = 2147483647;
			files = (
				EE1D875B241E2F11003B8451 /* LaunchScreen.storyboard in Resources */,
				EE1D8758241E2F11003B8451 /* Assets.xcassets in Resources */,
			);
			runOnlyForDeploymentPostprocessing = 0;
		};
/* End PBXResourcesBuildPhase section */

/* Begin PBXSourcesBuildPhase section */
		EE1D8747241E2F11003B8451 /* Sources */ = {
			isa = PBXSourcesBuildPhase;
			buildActionMask = 2147483647;
			files = (
				EE1D8753241E2F11003B8451 /* HomeViewController.swift in Sources */,
				EE1D874F241E2F11003B8451 /* AppDelegate.swift in Sources */,
				EE1D8751241E2F11003B8451 /* SceneDelegate.swift in Sources */,
			);
			runOnlyForDeploymentPostprocessing = 0;
		};
/* End PBXSourcesBuildPhase section */

/* Begin PBXVariantGroup section */
		EE1D8759241E2F11003B8451 /* LaunchScreen.storyboard */ = {
			isa = PBXVariantGroup;
			children = (
				EE1D875A241E2F11003B8451 /* Base */,
			);
			name = LaunchScreen.storyboard;
			sourceTree = "<group>";
		};
/* End PBXVariantGroup section */

/* Begin XCBuildConfiguration section */
		EE1D875D241E2F11003B8451 /* Debug */ = {
			isa = XCBuildConfiguration;
			buildSettings = {
				ALWAYS_SEARCH_USER_PATHS = NO;
				CLANG_ANALYZER_NONNULL = YES;
				CLANG_ANALYZER_NUMBER_OBJECT_CONVERSION = YES_AGGRESSIVE;
				CLANG_CXX_LANGUAGE_STANDARD = "gnu++14";
				CLANG_CXX_LIBRARY = "libc++";
				CLANG_ENABLE_MODULES = YES;
				CLANG_ENABLE_OBJC_ARC = YES;
				CLANG_ENABLE_OBJC_WEAK = YES;
				CLANG_WARN_BLOCK_CAPTURE_AUTORELEASING = YES;
				CLANG_WARN_BOOL_CONVERSION = YES;
				CLANG_WARN_COMMA = YES;
				CLANG_WARN_CONSTANT_CONVERSION = YES;
				CLANG_WARN_DEPRECATED_OBJC_IMPLEMENTATIONS = YES;
				CLANG_WARN_DIRECT_OBJC_ISA_USAGE = YES_ERROR;
				CLANG_WARN_DOCUMENTATION_COMMENTS = YES;
				CLANG_WARN_EMPTY_BODY = YES;
				CLANG_WARN_ENUM_CONVERSION = YES;
				CLANG_WARN_INFINITE_RECURSION = YES;
				CLANG_WARN_INT_CONVERSION = YES;
				CLANG_WARN_NON_LITERAL_NULL_CONVERSION = YES;
				CLANG_WARN_OBJC_IMPLICIT_RETAIN_SELF = YES;
				CLANG_WARN_OBJC_LITERAL_CONVERSION = YES;
				CLANG_WARN_OBJC_ROOT_CLASS = YES_ERROR;
				CLANG_WARN_RANGE_LOOP_ANALYSIS = YES;
				CLANG_WARN_STRICT_PROTOTYPES = YES;
				CLANG_WARN_SUSPICIOUS_MOVE = YES;
				CLANG_WARN_UNGUARDED_AVAILABILITY = YES_AGGRESSIVE;
				CLANG_WARN_UNREACHABLE_CODE = YES;
				CLANG_WARN__DUPLICATE_METHOD_MATCH = YES;
				COPY_PHASE_STRIP = NO;
				DEBUG_INFORMATION_FORMAT = dwarf;
				ENABLE_STRICT_OBJC_MSGSEND = YES;
				ENABLE_TESTABILITY = YES;
				GCC_C_LANGUAGE_STANDARD = gnu11;
				GCC_DYNAMIC_NO_PIC = NO;
				GCC_NO_COMMON_BLOCKS = YES;
				GCC_OPTIMIZATION_LEVEL = 0;
				GCC_PREPROCESSOR_DEFINITIONS = (
					"DEBUG=1",
					"$(inherited)",
				);
				GCC_WARN_64_TO_32_BIT_CONVERSION = YES;
				GCC_WARN_ABOUT_RETURN_TYPE = YES_ERROR;
				GCC_WARN_UNDECLARED_SELECTOR = YES;
				GCC_WARN_UNINITIALIZED_AUTOS = YES_AGGRESSIVE;
				GCC_WARN_UNUSED_FUNCTION = YES;
				GCC_WARN_UNUSED_VARIABLE = YES;
				IPHONEOS_DEPLOYMENT_TARGET = 13.2;
				MTL_ENABLE_DEBUG_INFO = INCLUDE_SOURCE;
				MTL_FAST_MATH = YES;
				ONLY_ACTIVE_ARCH = YES;
				SDKROOT = iphoneos;
				SWIFT_ACTIVE_COMPILATION_CONDITIONS = DEBUG;
				SWIFT_OPTIMIZATION_LEVEL = "-Onone";
			};
			name = Debug;
		};
		EE1D875E241E2F11003B8451 /* Release */ = {
			isa = XCBuildConfiguration;
			buildSettings = {
				ALWAYS_SEARCH_USER_PATHS = NO;
				CLANG_ANALYZER_NONNULL = YES;
				CLANG_ANALYZER_NUMBER_OBJECT_CONVERSION = YES_AGGRESSIVE;
				CLANG_CXX_LANGUAGE_STANDARD = "gnu++14";
				CLANG_CXX_LIBRARY = "libc++";
				CLANG_ENABLE_MODULES = YES;
				CLANG_ENABLE_OBJC_ARC = YES;
				CLANG_ENABLE_OBJC_WEAK = YES;
				CLANG_WARN_BLOCK_CAPTURE_AUTORELEASING = YES;
				CLANG_WARN_BOOL_CONVERSION = YES;
				CLANG_WARN_COMMA = YES;
				CLANG_WARN_CONSTANT_CONVERSION = YES;
				CLANG_WARN_DEPRECATED_OBJC_IMPLEMENTATIONS = YES;
				CLANG_WARN_DIRECT_OBJC_ISA_USAGE = YES_ERROR;
				CLANG_WARN_DOCUMENTATION_COMMENTS = YES;
				CLANG_WARN_EMPTY_BODY = YES;
				CLANG_WARN_ENUM_CONVERSION = YES;
				CLANG_WARN_INFINITE_RECURSION = YES;
				CLANG_WARN_INT_CONVERSION = YES;
				CLANG_WARN_NON_LITERAL_NULL_CONVERSION = YES;
				CLANG_WARN_OBJC_IMPLICIT_RETAIN_SELF = YES;
				CLANG_WARN_OBJC_LITERAL_CONVERSION = YES;
				CLANG_WARN_OBJC_ROOT_CLASS = YES_ERROR;
				CLANG_WARN_RANGE_LOOP_ANALYSIS = YES;
				CLANG_WARN_STRICT_PROTOTYPES = YES;
				CLANG_WARN_SUSPICIOUS_MOVE = YES;
				CLANG_WARN_UNGUARDED_AVAILABILITY = YES_AGGRESSIVE;
				CLANG_WARN_UNREACHABLE_CODE = YES;
				CLANG_WARN__DUPLICATE_METHOD_MATCH = YES;
				COPY_PHASE_STRIP = NO;
				DEBUG_INFORMATION_FORMAT = "dwarf-with-dsym";
				ENABLE_NS_ASSERTIONS = NO;
				ENABLE_STRICT_OBJC_MSGSEND = YES;
				GCC_C_LANGUAGE_STANDARD = gnu11;
				GCC_NO_COMMON_BLOCKS = YES;
				GCC_WARN_64_TO_32_BIT_CONVERSION = YES;
				GCC_WARN_ABOUT_RETURN_TYPE = YES_ERROR;
				GCC_WARN_UNDECLARED_SELECTOR = YES;
				GCC_WARN_UNINITIALIZED_AUTOS = YES_AGGRESSIVE;
				GCC_WARN_UNUSED_FUNCTION = YES;
				GCC_WARN_UNUSED_VARIABLE = YES;
				IPHONEOS_DEPLOYMENT_TARGET = 13.2;
				MTL_ENABLE_DEBUG_INFO = NO;
				MTL_FAST_MATH = YES;
				SDKROOT = iphoneos;
				SWIFT_COMPILATION_MODE = wholemodule;
				SWIFT_OPTIMIZATION_LEVEL = "-O";
				VALIDATE_PRODUCT = YES;
			};
			name = Release;
		};
		EE1D8760241E2F11003B8451 /* Debug */ = {
			isa = XCBuildConfiguration;
			buildSettings = {
				ASSETCATALOG_COMPILER_APPICON_NAME = AppIcon;
				CODE_SIGN_STYLE = Automatic;
				INFOPLIST_FILE = iOSProficiencyTest/Info.plist;
				IPHONEOS_DEPLOYMENT_TARGET = 11.0;
				LD_RUNPATH_SEARCH_PATHS = (
					"$(inherited)",
					"@executable_path/Frameworks",
				);
				PRODUCT_BUNDLE_IDENTIFIER = com.demo.iOSProficiencyTest;
				PRODUCT_NAME = "$(TARGET_NAME)";
				SWIFT_VERSION = 5.0;
				TARGETED_DEVICE_FAMILY = "1,2";
			};
			name = Debug;
		};
		EE1D8761241E2F11003B8451 /* Release */ = {
			isa = XCBuildConfiguration;
			buildSettings = {
				ASSETCATALOG_COMPILER_APPICON_NAME = AppIcon;
				CODE_SIGN_STYLE = Automatic;
				INFOPLIST_FILE = iOSProficiencyTest/Info.plist;
				IPHONEOS_DEPLOYMENT_TARGET = 11.0;
				LD_RUNPATH_SEARCH_PATHS = (
					"$(inherited)",
					"@executable_path/Frameworks",
				);
				PRODUCT_BUNDLE_IDENTIFIER = com.demo.iOSProficiencyTest;
				PRODUCT_NAME = "$(TARGET_NAME)";
				SWIFT_VERSION = 5.0;
				TARGETED_DEVICE_FAMILY = "1,2";
			};
			name = Release;
		};
/* End XCBuildConfiguration section */

/* Begin XCConfigurationList section */
		EE1D8746241E2F11003B8451 /* Build configuration list for PBXProject "iOSProficiencyTest" */ = {
			isa = XCConfigurationList;
			buildConfigurations = (
				EE1D875D241E2F11003B8451 /* Debug */,
				EE1D875E241E2F11003B8451 /* Release */,
			);
			defaultConfigurationIsVisible = 0;
			defaultConfigurationName = Release;
		};
		EE1D875F241E2F11003B8451 /* Build configuration list for PBXNativeTarget "iOSProficiencyTest" */ = {
			isa = XCConfigurationList;
			buildConfigurations = (
				EE1D8760241E2F11003B8451 /* Debug */,
				EE1D8761241E2F11003B8451 /* Release */,
			);
			defaultConfigurationIsVisible = 0;
			defaultConfigurationName = Release;
		};
/* End XCConfigurationList section */
	};
	rootObject = EE1D8743241E2F11003B8451 /* Project object */;
}
